
Microsoft Visual Studio Solution File, Format Version 12.00
# Visual Studio Version 17
VisualStudioVersion = 17.5.002.0
MinimumVisualStudioVersion = 10.0.40219.1
Project("{2150E333-8FDC-42A3-9474-1A3956D46DE8}") = "csharp-prep", "csharp-prep", "{6D43464A-9228-45AF-8E66-F101D1335BE3}"
EndProject
Project("{9A19103F-16F7-4668-BE54-9A1E7A4F7556}") = "Prep1", "csharp-prep\Prep1\Prep1.csproj", "{61B66322-CA81-4A8D-AA4F-5BE57E043E71}"
EndProject
Project("{9A19103F-16F7-4668-BE54-9A1E7A4F7556}") = "Prep2", "csharp-prep\Prep2\Prep2.csproj", "{C86520E7-C6A8-46A3-B026-4EADA465444B}"
EndProject
Project("{9A19103F-16F7-4668-BE54-9A1E7A4F7556}") = "Prep3", "csharp-prep\Prep3\Prep3.csproj", "{1D0046DD-338C-45C5-9BC1-239FEB95AAE8}"
EndProject
Project("{9A19103F-16F7-4668-BE54-9A1E7A4F7556}") = "Prep4", "csharp-prep\Prep4\Prep4.csproj", "{C6039BA1-2A70-4DA4-9775-C83D7E26B073}"
EndProject
Project("{9A19103F-16F7-4668-BE54-9A1E7A4F7556}") = "Prep5", "csharp-prep\Prep5\Prep5.csproj", "{DB717478-78F2-4014-9B37-4918BD98BA2A}"
EndProject
Project("{2150E333-8FDC-42A3-9474-1A3956D46DE8}") = "final", "final", "{2286F6E0-1C25-4A07-9E0F-0C3724FAA492}"
EndProject
Project("{9A19103F-16F7-4668-BE54-9A1E7A4F7556}") = "FinalProject", "final\FinalProject\FinalProject.csproj", "{B6B0A61E-EFC2-4AE4-9E9E-9F31320938AD}"
EndProject
Project("{9A19103F-16F7-4668-BE54-9A1E7A4F7556}") = "Foundation1", "final\Foundation1\Foundation1.csproj", "{60A23660-C827-4EF6-9018-58C27CD8DD8A}"
EndProject
Project("{9A19103F-16F7-4668-BE54-9A1E7A4F7556}") = "Foundation2", "final\Foundation2\Foundation2.csproj", "{5F311DB4-BCDA-4889-A64B-04B8ED23846F}"
EndProject
Project("{9A19103F-16F7-4668-BE54-9A1E7A4F7556}") = "Foundation3", "final\Foundation3\Foundation3.csproj", "{111C7BA7-3E4C-4951-A90D-A4925C5F679C}"
EndProject
Project("{9A19103F-16F7-4668-BE54-9A1E7A4F7556}") = "Foundation4", "final\Foundation4\Foundation4.csproj", "{96994CA6-4A46-4721-A7F6-F02E65A5C5AF}"
EndProject
Project("{2150E333-8FDC-42A3-9474-1A3956D46DE8}") = "prepare", "prepare", "{F4A6874C-E73C-4E6E-9796-7FB9F135636C}"
EndProject
Project("{9A19103F-16F7-4668-BE54-9A1E7A4F7556}") = "Learning02", "prepare\Learning02\Learning02.csproj", "{54E21230-003A-4345-9EC0-2DDFCFE9CFF0}"
EndProject
Project("{9A19103F-16F7-4668-BE54-9A1E7A4F7556}") = "Learning03", "prepare\Learning03\Learning03.csproj", "{BA97F4D0-E2C1-4312-8867-BDAF2A3CBE24}"
EndProject
Project("{9A19103F-16F7-4668-BE54-9A1E7A4F7556}") = "Learning04", "prepare\Learning04\Learning04.csproj", "{0829C79C-AD2C-47B8-A673-41DF962054A7}"
EndProject
Project("{9A19103F-16F7-4668-BE54-9A1E7A4F7556}") = "Learning05", "prepare\Learning05\Learning05.csproj", "{1B694D85-192F-4301-9EEF-FD116ED71562}"
EndProject
Project("{2150E333-8FDC-42A3-9474-1A3956D46DE8}") = "prove", "prove", "{93A3B8C8-D255-469C-9289-F0207851F53D}"
EndProject
Project("{9A19103F-16F7-4668-BE54-9A1E7A4F7556}") = "Develop02", "prove\Develop02\Develop02.csproj", "{97B0B757-F686-4C83-AAA3-F0C83696C6CE}"
EndProject
Project("{9A19103F-16F7-4668-BE54-9A1E7A4F7556}") = "Develop03", "prove\Develop03\Develop03.csproj", "{44C994A4-D178-4C9D-BE64-21DB6D685158}"
EndProject
Project("{9A19103F-16F7-4668-BE54-9A1E7A4F7556}") = "Develop04", "prove\Develop04\Develop04.csproj", "{3F687958-6E4D-4D23-B9BE-53D379DA1053}"
EndProject
Project("{9A19103F-16F7-4668-BE54-9A1E7A4F7556}") = "Develop05", "prove\Develop05\Develop05.csproj", "{F77FE7FB-4F8C-4DFD-82E5-FF91B993E14F}"
EndProject
Project("{2150E333-8FDC-42A3-9474-1A3956D46DE8}") = "sandbox", "sandbox", "{2EA2F9F7-5EC1-4986-9D36-FC2CA6C63063}"
EndProject
Project("{9A19103F-16F7-4668-BE54-9A1E7A4F7556}") = "Sandbox", "sandbox\Sandbox\Sandbox.csproj", "{F7524735-2A4B-4AD0-BA1B-A94B0BF383E6}"
EndProject
Global
	GlobalSection(SolutionConfigurationPlatforms) = preSolution
		Debug|Any CPU = Debug|Any CPU
		Release|Any CPU = Release|Any CPU
	EndGlobalSection
	GlobalSection(ProjectConfigurationPlatforms) = postSolution
		{61B66322-CA81-4A8D-AA4F-5BE57E043E71}.Debug|Any CPU.ActiveCfg = Debug|Any CPU
		{61B66322-CA81-4A8D-AA4F-5BE57E043E71}.Debug|Any CPU.Build.0 = Debug|Any CPU
		{61B66322-CA81-4A8D-AA4F-5BE57E043E71}.Release|Any CPU.ActiveCfg = Release|Any CPU
		{61B66322-CA81-4A8D-AA4F-5BE57E043E71}.Release|Any CPU.Build.0 = Release|Any CPU
		{C86520E7-C6A8-46A3-B026-4EADA465444B}.Debug|Any CPU.ActiveCfg = Debug|Any CPU
		{C86520E7-C6A8-46A3-B026-4EADA465444B}.Debug|Any CPU.Build.0 = Debug|Any CPU
		{C86520E7-C6A8-46A3-B026-4EADA465444B}.Release|Any CPU.ActiveCfg = Release|Any CPU
		{C86520E7-C6A8-46A3-B026-4EADA465444B}.Release|Any CPU.Build.0 = Release|Any CPU
		{1D0046DD-338C-45C5-9BC1-239FEB95AAE8}.Debug|Any CPU.ActiveCfg = Debug|Any CPU
		{1D0046DD-338C-45C5-9BC1-239FEB95AAE8}.Debug|Any CPU.Build.0 = Debug|Any CPU
		{1D0046DD-338C-45C5-9BC1-239FEB95AAE8}.Release|Any CPU.ActiveCfg = Release|Any CPU
		{1D0046DD-338C-45C5-9BC1-239FEB95AAE8}.Release|Any CPU.Build.0 = Release|Any CPU
		{C6039BA1-2A70-4DA4-9775-C83D7E26B073}.Debug|Any CPU.ActiveCfg = Debug|Any CPU
		{C6039BA1-2A70-4DA4-9775-C83D7E26B073}.Debug|Any CPU.Build.0 = Debug|Any CPU
		{C6039BA1-2A70-4DA4-9775-C83D7E26B073}.Release|Any CPU.ActiveCfg = Release|Any CPU
		{C6039BA1-2A70-4DA4-9775-C83D7E26B073}.Release|Any CPU.Build.0 = Release|Any CPU
		{DB717478-78F2-4014-9B37-4918BD98BA2A}.Debug|Any CPU.ActiveCfg = Debug|Any CPU
		{DB717478-78F2-4014-9B37-4918BD98BA2A}.Debug|Any CPU.Build.0 = Debug|Any CPU
		{DB717478-78F2-4014-9B37-4918BD98BA2A}.Release|Any CPU.ActiveCfg = Release|Any CPU
		{DB717478-78F2-4014-9B37-4918BD98BA2A}.Release|Any CPU.Build.0 = Release|Any CPU
		{B6B0A61E-EFC2-4AE4-9E9E-9F31320938AD}.Debug|Any CPU.ActiveCfg = Debug|Any CPU
		{B6B0A61E-EFC2-4AE4-9E9E-9F31320938AD}.Debug|Any CPU.Build.0 = Debug|Any CPU
		{B6B0A61E-EFC2-4AE4-9E9E-9F31320938AD}.Release|Any CPU.ActiveCfg = Release|Any CPU
		{B6B0A61E-EFC2-4AE4-9E9E-9F31320938AD}.Release|Any CPU.Build.0 = Release|Any CPU
		{60A23660-C827-4EF6-9018-58C27CD8DD8A}.Debug|Any CPU.ActiveCfg = Debug|Any CPU
		{60A23660-C827-4EF6-9018-58C27CD8DD8A}.Debug|Any CPU.Build.0 = Debug|Any CPU
		{60A23660-C827-4EF6-9018-58C27CD8DD8A}.Release|Any CPU.ActiveCfg = Release|Any CPU
		{60A23660-C827-4EF6-9018-58C27CD8DD8A}.Release|Any CPU.Build.0 = Release|Any CPU
		{5F311DB4-BCDA-4889-A64B-04B8ED23846F}.Debug|Any CPU.ActiveCfg = Debug|Any CPU
		{5F311DB4-BCDA-4889-A64B-04B8ED23846F}.Debug|Any CPU.Build.0 = Debug|Any CPU
		{5F311DB4-BCDA-4889-A64B-04B8ED23846F}.Release|Any CPU.ActiveCfg = Release|Any CPU
		{5F311DB4-BCDA-4889-A64B-04B8ED23846F}.Release|Any CPU.Build.0 = Release|Any CPU
		{111C7BA7-3E4C-4951-A90D-A4925C5F679C}.Debug|Any CPU.ActiveCfg = Debug|Any CPU
		{111C7BA7-3E4C-4951-A90D-A4925C5F679C}.Debug|Any CPU.Build.0 = Debug|Any CPU
		{111C7BA7-3E4C-4951-A90D-A4925C5F679C}.Release|Any CPU.ActiveCfg = Release|Any CPU
		{111C7BA7-3E4C-4951-A90D-A4925C5F679C}.Release|Any CPU.Build.0 = Release|Any CPU
		{96994CA6-4A46-4721-A7F6-F02E65A5C5AF}.Debug|Any CPU.ActiveCfg = Debug|Any CPU
		{96994CA6-4A46-4721-A7F6-F02E65A5C5AF}.Debug|Any CPU.Build.0 = Debug|Any CPU
		{96994CA6-4A46-4721-A7F6-F02E65A5C5AF}.Release|Any CPU.ActiveCfg = Release|Any CPU
		{96994CA6-4A46-4721-A7F6-F02E65A5C5AF}.Release|Any CPU.Build.0 = Release|Any CPU
		{54E21230-003A-4345-9EC0-2DDFCFE9CFF0}.Debug|Any CPU.ActiveCfg = Debug|Any CPU
		{54E21230-003A-4345-9EC0-2DDFCFE9CFF0}.Debug|Any CPU.Build.0 = Debug|Any CPU
		{54E21230-003A-4345-9EC0-2DDFCFE9CFF0}.Release|Any CPU.ActiveCfg = Release|Any CPU
		{54E21230-003A-4345-9EC0-2DDFCFE9CFF0}.Release|Any CPU.Build.0 = Release|Any CPU
		{BA97F4D0-E2C1-4312-8867-BDAF2A3CBE24}.Debug|Any CPU.ActiveCfg = Debug|Any CPU
		{BA97F4D0-E2C1-4312-8867-BDAF2A3CBE24}.Debug|Any CPU.Build.0 = Debug|Any CPU
		{BA97F4D0-E2C1-4312-8867-BDAF2A3CBE24}.Release|Any CPU.ActiveCfg = Release|Any CPU
		{BA97F4D0-E2C1-4312-8867-BDAF2A3CBE24}.Release|Any CPU.Build.0 = Release|Any CPU
		{0829C79C-AD2C-47B8-A673-41DF962054A7}.Debug|Any CPU.ActiveCfg = Debug|Any CPU
		{0829C79C-AD2C-47B8-A673-41DF962054A7}.Debug|Any CPU.Build.0 = Debug|Any CPU
		{0829C79C-AD2C-47B8-A673-41DF962054A7}.Release|Any CPU.ActiveCfg = Release|Any CPU
		{0829C79C-AD2C-47B8-A673-41DF962054A7}.Release|Any CPU.Build.0 = Release|Any CPU
		{1B694D85-192F-4301-9EEF-FD116ED71562}.Debug|Any CPU.ActiveCfg = Debug|Any CPU
		{1B694D85-192F-4301-9EEF-FD116ED71562}.Debug|Any CPU.Build.0 = Debug|Any CPU
		{1B694D85-192F-4301-9EEF-FD116ED71562}.Release|Any CPU.ActiveCfg = Release|Any CPU
		{1B694D85-192F-4301-9EEF-FD116ED71562}.Release|Any CPU.Build.0 = Release|Any CPU
		{97B0B757-F686-4C83-AAA3-F0C83696C6CE}.Debug|Any CPU.ActiveCfg = Debug|Any CPU
		{97B0B757-F686-4C83-AAA3-F0C83696C6CE}.Debug|Any CPU.Build.0 = Debug|Any CPU
		{97B0B757-F686-4C83-AAA3-F0C83696C6CE}.Release|Any CPU.ActiveCfg = Release|Any CPU
		{97B0B757-F686-4C83-AAA3-F0C83696C6CE}.Release|Any CPU.Build.0 = Release|Any CPU
		{44C994A4-D178-4C9D-BE64-21DB6D685158}.Debug|Any CPU.ActiveCfg = Debug|Any CPU
		{44C994A4-D178-4C9D-BE64-21DB6D685158}.Debug|Any CPU.Build.0 = Debug|Any CPU
		{44C994A4-D178-4C9D-BE64-21DB6D685158}.Release|Any CPU.ActiveCfg = Release|Any CPU
		{44C994A4-D178-4C9D-BE64-21DB6D685158}.Release|Any CPU.Build.0 = Release|Any CPU
		{3F687958-6E4D-4D23-B9BE-53D379DA1053}.Debug|Any CPU.ActiveCfg = Debug|Any CPU
		{3F687958-6E4D-4D23-B9BE-53D379DA1053}.Debug|Any CPU.Build.0 = Debug|Any CPU
		{3F687958-6E4D-4D23-B9BE-53D379DA1053}.Release|Any CPU.ActiveCfg = Release|Any CPU
		{3F687958-6E4D-4D23-B9BE-53D379DA1053}.Release|Any CPU.Build.0 = Release|Any CPU
		{F77FE7FB-4F8C-4DFD-82E5-FF91B993E14F}.Debug|Any CPU.ActiveCfg = Debug|Any CPU
		{F77FE7FB-4F8C-4DFD-82E5-FF91B993E14F}.Debug|Any CPU.Build.0 = Debug|Any CPU
		{F77FE7FB-4F8C-4DFD-82E5-FF91B993E14F}.Release|Any CPU.ActiveCfg = Release|Any CPU
		{F77FE7FB-4F8C-4DFD-82E5-FF91B993E14F}.Release|Any CPU.Build.0 = Release|Any CPU
		{F7524735-2A4B-4AD0-BA1B-A94B0BF383E6}.Debug|Any CPU.ActiveCfg = Debug|Any CPU
		{F7524735-2A4B-4AD0-BA1B-A94B0BF383E6}.Debug|Any CPU.Build.0 = Debug|Any CPU
		{F7524735-2A4B-4AD0-BA1B-A94B0BF383E6}.Release|Any CPU.ActiveCfg = Release|Any CPU
		{F7524735-2A4B-4AD0-BA1B-A94B0BF383E6}.Release|Any CPU.Build.0 = Release|Any CPU
	EndGlobalSection
	GlobalSection(SolutionProperties) = preSolution
		HideSolutionNode = FALSE
	EndGlobalSection
	GlobalSection(NestedProjects) = preSolution
		{61B66322-CA81-4A8D-AA4F-5BE57E043E71} = {6D43464A-9228-45AF-8E66-F101D1335BE3}
		{C86520E7-C6A8-46A3-B026-4EADA465444B} = {6D43464A-9228-45AF-8E66-F101D1335BE3}
		{1D0046DD-338C-45C5-9BC1-239FEB95AAE8} = {6D43464A-9228-45AF-8E66-F101D1335BE3}
		{C6039BA1-2A70-4DA4-9775-C83D7E26B073} = {6D43464A-9228-45AF-8E66-F101D1335BE3}
		{DB717478-78F2-4014-9B37-4918BD98BA2A} = {6D43464A-9228-45AF-8E66-F101D1335BE3}
		{B6B0A61E-EFC2-4AE4-9E9E-9F31320938AD} = {2286F6E0-1C25-4A07-9E0F-0C3724FAA492}
		{60A23660-C827-4EF6-9018-58C27CD8DD8A} = {2286F6E0-1C25-4A07-9E0F-0C3724FAA492}
		{5F311DB4-BCDA-4889-A64B-04B8ED23846F} = {2286F6E0-1C25-4A07-9E0F-0C3724FAA492}
		{111C7BA7-3E4C-4951-A90D-A4925C5F679C} = {2286F6E0-1C25-4A07-9E0F-0C3724FAA492}
		{96994CA6-4A46-4721-A7F6-F02E65A5C5AF} = {2286F6E0-1C25-4A07-9E0F-0C3724FAA492}
		{54E21230-003A-4345-9EC0-2DDFCFE9CFF0} = {F4A6874C-E73C-4E6E-9796-7FB9F135636C}
		{BA97F4D0-E2C1-4312-8867-BDAF2A3CBE24} = {F4A6874C-E73C-4E6E-9796-7FB9F135636C}
		{0829C79C-AD2C-47B8-A673-41DF962054A7} = {F4A6874C-E73C-4E6E-9796-7FB9F135636C}
		{1B694D85-192F-4301-9EEF-FD116ED71562} = {F4A6874C-E73C-4E6E-9796-7FB9F135636C}
		{97B0B757-F686-4C83-AAA3-F0C83696C6CE} = {93A3B8C8-D255-469C-9289-F0207851F53D}
		{44C994A4-D178-4C9D-BE64-21DB6D685158} = {93A3B8C8-D255-469C-9289-F0207851F53D}
		{3F687958-6E4D-4D23-B9BE-53D379DA1053} = {93A3B8C8-D255-469C-9289-F0207851F53D}
		{F77FE7FB-4F8C-4DFD-82E5-FF91B993E14F} = {93A3B8C8-D255-469C-9289-F0207851F53D}
		{F7524735-2A4B-4AD0-BA1B-A94B0BF383E6} = {2EA2F9F7-5EC1-4986-9D36-FC2CA6C63063}
	EndGlobalSection
	GlobalSection(ExtensibilityGlobals) = postSolution
		SolutionGuid = {E38BCC44-AAD3-4E71-96A5-F47E0D64B38E}
	EndGlobalSection
EndGlobal
